
Microsoft Visual Studio Solution File, Format Version 12.00
# Visual Studio Version 17
VisualStudioVersion = 17.7.34031.279
MinimumVisualStudioVersion = 10.0.40219.1
Project("{FAE04EC0-301F-11D3-BF4B-00C04F79EFBC}") = "Logica", "Logica\Logica.csproj", "{010B374F-8B1B-4A6A-B316-9A5779AACBC3}"
EndProject
Project("{FAE04EC0-301F-11D3-BF4B-00C04F79EFBC}") = "P520233_KainaSolano", "P520233_KainaSolano\P520233_KainaSolano.csproj", "{4FB5ABBF-6CF9-4573-AD18-A056AD413933}"
EndProject
Global
	GlobalSection(SolutionConfigurationPlatforms) = preSolution
		Debug|Any CPU = Debug|Any CPU
		Release|Any CPU = Release|Any CPU
	EndGlobalSection
	GlobalSection(ProjectConfigurationPlatforms) = postSolution
		{010B374F-8B1B-4A6A-B316-9A5779AACBC3}.Debug|Any CPU.ActiveCfg = Debug|Any CPU
		{010B374F-8B1B-4A6A-B316-9A5779AACBC3}.Debug|Any CPU.Build.0 = Debug|Any CPU
		{010B374F-8B1B-4A6A-B316-9A5779AACBC3}.Release|Any CPU.ActiveCfg = Release|Any CPU
		{010B374F-8B1B-4A6A-B316-9A5779AACBC3}.Release|Any CPU.Build.0 = Release|Any CPU
		{4FB5ABBF-6CF9-4573-AD18-A056AD413933}.Debug|Any CPU.ActiveCfg = Debug|Any CPU
		{4FB5ABBF-6CF9-4573-AD18-A056AD413933}.Debug|Any CPU.Build.0 = Debug|Any CPU
		{4FB5ABBF-6CF9-4573-AD18-A056AD413933}.Release|Any CPU.ActiveCfg = Release|Any CPU
		{4FB5ABBF-6CF9-4573-AD18-A056AD413933}.Release|Any CPU.Build.0 = Release|Any CPU
	EndGlobalSection
	GlobalSection(SolutionProperties) = preSolution
		HideSolutionNode = FALSE
	EndGlobalSection
	GlobalSection(ExtensibilityGlobals) = postSolution
		SolutionGuid = {09A4D903-6020-4268-A6C5-00B3C192B761}
	EndGlobalSection
EndGlobal
